
Microsoft Visual Studio Solution File, Format Version 12.00
# Visual Studio Version 17
VisualStudioVersion = 17.3.32929.385
MinimumVisualStudioVersion = 10.0.40219.1
Project("{FAE04EC0-301F-11D3-BF4B-00C04F79EFBC}") = "makefoxbot", "makefoxbot.csproj", "{B2DE3024-B555-42F7-B459-71AC62EB822B}"
EndProject
Global
	GlobalSection(SolutionConfigurationPlatforms) = preSolution
		Debug|Any CPU = Debug|Any CPU
		Release|Any CPU = Release|Any CPU
	EndGlobalSection
	GlobalSection(ProjectConfigurationPlatforms) = postSolution
		{B2DE3024-B555-42F7-B459-71AC62EB822B}.Debug|Any CPU.ActiveCfg = Debug|Any CPU
		{B2DE3024-B555-42F7-B459-71AC62EB822B}.Debug|Any CPU.Build.0 = Debug|Any CPU
		{B2DE3024-B555-42F7-B459-71AC62EB822B}.Release|Any CPU.ActiveCfg = Release|Any CPU
		{B2DE3024-B555-42F7-B459-71AC62EB822B}.Release|Any CPU.Build.0 = Release|Any CPU
	EndGlobalSection
	GlobalSection(SolutionProperties) = preSolution
		HideSolutionNode = FALSE
	EndGlobalSection
	GlobalSection(ExtensibilityGlobals) = postSolution
		SolutionGuid = {ACD97773-00D5-4F86-8E26-20CA59DA1389}
	EndGlobalSection
EndGlobal
