
Microsoft Visual Studio Solution File, Format Version 12.00
# Visual Studio Version 17
VisualStudioVersion = 17.3.32929.385
MinimumVisualStudioVersion = 10.0.40219.1
Project("{9A19103F-16F7-4668-BE54-9A1E7A4F7556}") = "makefoxsrv", "src\makefoxsrv\makefoxsrv.csproj", "{CDE2AF31-371F-470B-89A3-0276D79A6787}"
EndProject
Project("{9A19103F-16F7-4668-BE54-9A1E7A4F7556}") = "gpustats", "src\gpu_stats\gpustats.csproj", "{66C2E5B2-3C0F-4E5E-B73D-3F7F89F82147}"
EndProject
Project("{13B669BE-BB05-4DDF-9536-439F39A36129}") = "website", "website.phpproj", "{6D9D569F-901C-4DAA-8507-71642311C268}"
EndProject
Project("{9A19103F-16F7-4668-BE54-9A1E7A4F7556}") = "Autofocus", "src\lib-autofocus\Autofocus\Autofocus.csproj", "{86095DF0-7D84-450A-B007-3980BECB2D5F}"
EndProject
Project("{9A19103F-16F7-4668-BE54-9A1E7A4F7556}") = "Autofocus.ImageSharp", "src\lib-autofocus\Autofocus.ImageSharp\Autofocus.ImageSharp.csproj", "{0E815BD5-A92B-419B-BFD2-641C07C24CA3}"
EndProject
Project("{9A19103F-16F7-4668-BE54-9A1E7A4F7556}") = "trainer", "src\trainer\ConsoleApp1\trainer.csproj", "{4A94C1F9-94E0-440E-9104-5ABD94AEBF4F}"
EndProject
Project("{54A90642-561A-4BB1-A94E-469ADEE60C69}") = "react", "react\react.esproj", "{97A0A9E8-5943-489B-8C66-A4ECD909BD32}"
EndProject
Project("{9A19103F-16F7-4668-BE54-9A1E7A4F7556}") = "admingui", "src\admingui\admingui.csproj", "{6CCC49F8-299A-4A82-9AC2-4B9C4FF0C9D2}"
EndProject
Global
	GlobalSection(SolutionConfigurationPlatforms) = preSolution
		Debug|Any CPU = Debug|Any CPU
		Release|Any CPU = Release|Any CPU
	EndGlobalSection
	GlobalSection(ProjectConfigurationPlatforms) = postSolution
		{CDE2AF31-371F-470B-89A3-0276D79A6787}.Debug|Any CPU.ActiveCfg = Debug|Any CPU
		{CDE2AF31-371F-470B-89A3-0276D79A6787}.Debug|Any CPU.Build.0 = Debug|Any CPU
		{CDE2AF31-371F-470B-89A3-0276D79A6787}.Release|Any CPU.ActiveCfg = Release|Any CPU
		{CDE2AF31-371F-470B-89A3-0276D79A6787}.Release|Any CPU.Build.0 = Release|Any CPU
		{66C2E5B2-3C0F-4E5E-B73D-3F7F89F82147}.Debug|Any CPU.ActiveCfg = Debug|Any CPU
		{66C2E5B2-3C0F-4E5E-B73D-3F7F89F82147}.Debug|Any CPU.Build.0 = Debug|Any CPU
		{66C2E5B2-3C0F-4E5E-B73D-3F7F89F82147}.Release|Any CPU.ActiveCfg = Release|Any CPU
		{66C2E5B2-3C0F-4E5E-B73D-3F7F89F82147}.Release|Any CPU.Build.0 = Release|Any CPU
		{6D9D569F-901C-4DAA-8507-71642311C268}.Debug|Any CPU.ActiveCfg = Debug|Any CPU
		{6D9D569F-901C-4DAA-8507-71642311C268}.Debug|Any CPU.Build.0 = Debug|Any CPU
		{6D9D569F-901C-4DAA-8507-71642311C268}.Release|Any CPU.ActiveCfg = Release|Any CPU
		{6D9D569F-901C-4DAA-8507-71642311C268}.Release|Any CPU.Build.0 = Release|Any CPU
		{86095DF0-7D84-450A-B007-3980BECB2D5F}.Debug|Any CPU.ActiveCfg = Debug|Any CPU
		{86095DF0-7D84-450A-B007-3980BECB2D5F}.Debug|Any CPU.Build.0 = Debug|Any CPU
		{86095DF0-7D84-450A-B007-3980BECB2D5F}.Release|Any CPU.ActiveCfg = Release|Any CPU
		{86095DF0-7D84-450A-B007-3980BECB2D5F}.Release|Any CPU.Build.0 = Release|Any CPU
		{0E815BD5-A92B-419B-BFD2-641C07C24CA3}.Debug|Any CPU.ActiveCfg = Debug|Any CPU
		{0E815BD5-A92B-419B-BFD2-641C07C24CA3}.Debug|Any CPU.Build.0 = Debug|Any CPU
		{0E815BD5-A92B-419B-BFD2-641C07C24CA3}.Release|Any CPU.ActiveCfg = Release|Any CPU
		{0E815BD5-A92B-419B-BFD2-641C07C24CA3}.Release|Any CPU.Build.0 = Release|Any CPU
		{4A94C1F9-94E0-440E-9104-5ABD94AEBF4F}.Debug|Any CPU.ActiveCfg = Debug|Any CPU
		{4A94C1F9-94E0-440E-9104-5ABD94AEBF4F}.Debug|Any CPU.Build.0 = Debug|Any CPU
		{4A94C1F9-94E0-440E-9104-5ABD94AEBF4F}.Release|Any CPU.ActiveCfg = Release|Any CPU
		{4A94C1F9-94E0-440E-9104-5ABD94AEBF4F}.Release|Any CPU.Build.0 = Release|Any CPU
		{97A0A9E8-5943-489B-8C66-A4ECD909BD32}.Debug|Any CPU.ActiveCfg = Debug|Any CPU
		{97A0A9E8-5943-489B-8C66-A4ECD909BD32}.Debug|Any CPU.Build.0 = Debug|Any CPU
		{97A0A9E8-5943-489B-8C66-A4ECD909BD32}.Debug|Any CPU.Deploy.0 = Debug|Any CPU
		{97A0A9E8-5943-489B-8C66-A4ECD909BD32}.Release|Any CPU.ActiveCfg = Release|Any CPU
		{97A0A9E8-5943-489B-8C66-A4ECD909BD32}.Release|Any CPU.Build.0 = Release|Any CPU
		{97A0A9E8-5943-489B-8C66-A4ECD909BD32}.Release|Any CPU.Deploy.0 = Release|Any CPU
		{6CCC49F8-299A-4A82-9AC2-4B9C4FF0C9D2}.Debug|Any CPU.ActiveCfg = Debug|Any CPU
		{6CCC49F8-299A-4A82-9AC2-4B9C4FF0C9D2}.Debug|Any CPU.Build.0 = Debug|Any CPU
		{6CCC49F8-299A-4A82-9AC2-4B9C4FF0C9D2}.Release|Any CPU.ActiveCfg = Release|Any CPU
		{6CCC49F8-299A-4A82-9AC2-4B9C4FF0C9D2}.Release|Any CPU.Build.0 = Release|Any CPU
	EndGlobalSection
	GlobalSection(SolutionProperties) = preSolution
		HideSolutionNode = FALSE
	EndGlobalSection
	GlobalSection(ExtensibilityGlobals) = postSolution
		SolutionGuid = {ACD97773-00D5-4F86-8E26-20CA59DA1389}
	EndGlobalSection
EndGlobal
